// !$*UTF8*$!
{
	archiveVersion = 1;
	classes = {
	};
	objectVersion = 56;
	objects = {

/* Begin PBXBuildFile section */
		06011DED2C21B3CD0080D6F1 /* SwiftUIWebViewApp.swift in Sources */ = {isa = PBXBuildFile; fileRef = 06011DEC2C21B3CD0080D6F1 /* SwiftUIWebViewApp.swift */; };
		06011DEF2C21B3CD0080D6F1 /* ContentView.swift in Sources */ = {isa = PBXBuildFile; fileRef = 06011DEE2C21B3CD0080D6F1 /* ContentView.swift */; };
		06011DF12C21B3CE0080D6F1 /* Assets.xcassets in Resources */ = {isa = PBXBuildFile; fileRef = 06011DF02C21B3CE0080D6F1 /* Assets.xcassets */; };
		06011DF42C21B3CE0080D6F1 /* Preview Assets.xcassets in Resources */ = {isa = PBXBuildFile; fileRef = 06011DF32C21B3CE0080D6F1 /* Preview Assets.xcassets */; };
		06011DFE2C21B3CE0080D6F1 /* SwiftUIWebViewTests.swift in Sources */ = {isa = PBXBuildFile; fileRef = 06011DFD2C21B3CE0080D6F1 /* SwiftUIWebViewTests.swift */; };
		06011E082C21B3CE0080D6F1 /* SwiftUIWebViewUITests.swift in Sources */ = {isa = PBXBuildFile; fileRef = 06011E072C21B3CE0080D6F1 /* SwiftUIWebViewUITests.swift */; };
		06011E0A2C21B3CE0080D6F1 /* SwiftUIWebViewUITestsLaunchTests.swift in Sources */ = {isa = PBXBuildFile; fileRef = 06011E092C21B3CE0080D6F1 /* SwiftUIWebViewUITestsLaunchTests.swift */; };
/* End PBXBuildFile section */

/* Begin PBXContainerItemProxy section */
		06011DFA2C21B3CE0080D6F1 /* PBXContainerItemProxy */ = {
			isa = PBXContainerItemProxy;
			containerPortal = 06011DE12C21B3CC0080D6F1 /* Project object */;
			proxyType = 1;
			remoteGlobalIDString = 06011DE82C21B3CD0080D6F1;
			remoteInfo = SwiftUIWebView;
		};
		06011E042C21B3CE0080D6F1 /* PBXContainerItemProxy */ = {
			isa = PBXContainerItemProxy;
			containerPortal = 06011DE12C21B3CC0080D6F1 /* Project object */;
			proxyType = 1;
			remoteGlobalIDString = 06011DE82C21B3CD0080D6F1;
			remoteInfo = SwiftUIWebView;
		};
/* End PBXContainerItemProxy section */

/* Begin PBXFileReference section */
		06011DE92C21B3CD0080D6F1 /* SwiftUIWebView.app */ = {isa = PBXFileReference; explicitFileType = wrapper.application; includeInIndex = 0; path = SwiftUIWebView.app; sourceTree = BUILT_PRODUCTS_DIR; };
		06011DEC2C21B3CD0080D6F1 /* SwiftUIWebViewApp.swift */ = {isa = PBXFileReference; lastKnownFileType = sourcecode.swift; path = SwiftUIWebViewApp.swift; sourceTree = "<group>"; };
		06011DEE2C21B3CD0080D6F1 /* ContentView.swift */ = {isa = PBXFileReference; lastKnownFileType = sourcecode.swift; path = ContentView.swift; sourceTree = "<group>"; };
		06011DF02C21B3CE0080D6F1 /* Assets.xcassets */ = {isa = PBXFileReference; lastKnownFileType = folder.assetcatalog; path = Assets.xcassets; sourceTree = "<group>"; };
		06011DF32C21B3CE0080D6F1 /* Preview Assets.xcassets */ = {isa = PBXFileReference; lastKnownFileType = folder.assetcatalog; path = "Preview Assets.xcassets"; sourceTree = "<group>"; };
		06011DF92C21B3CE0080D6F1 /* SwiftUIWebViewTests.xctest */ = {isa = PBXFileReference; explicitFileType = wrapper.cfbundle; includeInIndex = 0; path = SwiftUIWebViewTests.xctest; sourceTree = BUILT_PRODUCTS_DIR; };
		06011DFD2C21B3CE0080D6F1 /* SwiftUIWebViewTests.swift */ = {isa = PBXFileReference; lastKnownFileType = sourcecode.swift; path = SwiftUIWebViewTests.swift; sourceTree = "<group>"; };
		06011E032C21B3CE0080D6F1 /* SwiftUIWebViewUITests.xctest */ = {isa = PBXFileReference; explicitFileType = wrapper.cfbundle; includeInIndex = 0; path = SwiftUIWebViewUITests.xctest; sourceTree = BUILT_PRODUCTS_DIR; };
		06011E072C21B3CE0080D6F1 /* SwiftUIWebViewUITests.swift */ = {isa = PBXFileReference; lastKnownFileType = sourcecode.swift; path = SwiftUIWebViewUITests.swift; sourceTree = "<group>"; };
		06011E092C21B3CE0080D6F1 /* SwiftUIWebViewUITestsLaunchTests.swift */ = {isa = PBXFileReference; lastKnownFileType = sourcecode.swift; path = SwiftUIWebViewUITestsLaunchTests.swift; sourceTree = "<group>"; };
/* End PBXFileReference section */

/* Begin PBXFrameworksBuildPhase section */
		06011DE62C21B3CD0080D6F1 /* Frameworks */ = {
			isa = PBXFrameworksBuildPhase;
			buildActionMask = 2147483647;
			files = (
			);
			runOnlyForDeploymentPostprocessing = 0;
		};
		06011DF62C21B3CE0080D6F1 /* Frameworks */ = {
			isa = PBXFrameworksBuildPhase;
			buildActionMask = 2147483647;
			files = (
			);
			runOnlyForDeploymentPostprocessing = 0;
		};
		06011E002C21B3CE0080D6F1 /* Frameworks */ = {
			isa = PBXFrameworksBuildPhase;
			buildActionMask = 2147483647;
			files = (
			);
			runOnlyForDeploymentPostprocessing = 0;
		};
/* End PBXFrameworksBuildPhase section */

/* Begin PBXGroup section */
		06011DE02C21B3CC0080D6F1 = {
			isa = PBXGroup;
			children = (
				06011DEB2C21B3CD0080D6F1 /* SwiftUIWebView */,
				06011DFC2C21B3CE0080D6F1 /* SwiftUIWebViewTests */,
				06011E062C21B3CE0080D6F1 /* SwiftUIWebViewUITests */,
				06011DEA2C21B3CD0080D6F1 /* Products */,
			);
			sourceTree = "<group>";
		};
		06011DEA2C21B3CD0080D6F1 /* Products */ = {
			isa = PBXGroup;
			children = (
				06011DE92C21B3CD0080D6F1 /* SwiftUIWebView.app */,
				06011DF92C21B3CE0080D6F1 /* SwiftUIWebViewTests.xctest */,
				06011E032C21B3CE0080D6F1 /* SwiftUIWebViewUITests.xctest */,
			);
			name = Products;
			sourceTree = "<group>";
		};
		06011DEB2C21B3CD0080D6F1 /* SwiftUIWebView */ = {
			isa = PBXGroup;
			children = (
				06011DEC2C21B3CD0080D6F1 /* SwiftUIWebViewApp.swift */,
				06011DEE2C21B3CD0080D6F1 /* ContentView.swift */,
				06011DF02C21B3CE0080D6F1 /* Assets.xcassets */,
				06011DF22C21B3CE0080D6F1 /* Preview Content */,
			);
			path = SwiftUIWebView;
			sourceTree = "<group>";
		};
		06011DF22C21B3CE0080D6F1 /* Preview Content */ = {
			isa = PBXGroup;
			children = (
				06011DF32C21B3CE0080D6F1 /* Preview Assets.xcassets */,
			);
			path = "Preview Content";
			sourceTree = "<group>";
		};
		06011DFC2C21B3CE0080D6F1 /* SwiftUIWebViewTests */ = {
			isa = PBXGroup;
			children = (
				06011DFD2C21B3CE0080D6F1 /* SwiftUIWebViewTests.swift */,
			);
			path = SwiftUIWebViewTests;
			sourceTree = "<group>";
		};
		06011E062C21B3CE0080D6F1 /* SwiftUIWebViewUITests */ = {
			isa = PBXGroup;
			children = (
				06011E072C21B3CE0080D6F1 /* SwiftUIWebViewUITests.swift */,
				06011E092C21B3CE0080D6F1 /* SwiftUIWebViewUITestsLaunchTests.swift */,
			);
			path = SwiftUIWebViewUITests;
			sourceTree = "<group>";
		};
/* End PBXGroup section */

/* Begin PBXNativeTarget section */
		06011DE82C21B3CD0080D6F1 /* SwiftUIWebView */ = {
			isa = PBXNativeTarget;
			buildConfigurationList = 06011E0D2C21B3CE0080D6F1 /* Build configuration list for PBXNativeTarget "SwiftUIWebView" */;
			buildPhases = (
				06011DE52C21B3CD0080D6F1 /* Sources */,
				06011DE62C21B3CD0080D6F1 /* Frameworks */,
				06011DE72C21B3CD0080D6F1 /* Resources */,
			);
			buildRules = (
			);
			dependencies = (
			);
			name = SwiftUIWebView;
			productName = SwiftUIWebView;
			productReference = 06011DE92C21B3CD0080D6F1 /* SwiftUIWebView.app */;
			productType = "com.apple.product-type.application";
		};
		06011DF82C21B3CE0080D6F1 /* SwiftUIWebViewTests */ = {
			isa = PBXNativeTarget;
			buildConfigurationList = 06011E102C21B3CE0080D6F1 /* Build configuration list for PBXNativeTarget "SwiftUIWebViewTests" */;
			buildPhases = (
				06011DF52C21B3CE0080D6F1 /* Sources */,
				06011DF62C21B3CE0080D6F1 /* Frameworks */,
				06011DF72C21B3CE0080D6F1 /* Resources */,
			);
			buildRules = (
			);
			dependencies = (
				06011DFB2C21B3CE0080D6F1 /* PBXTargetDependency */,
			);
			name = SwiftUIWebViewTests;
			productName = SwiftUIWebViewTests;
			productReference = 06011DF92C21B3CE0080D6F1 /* SwiftUIWebViewTests.xctest */;
			productType = "com.apple.product-type.bundle.unit-test";
		};
		06011E022C21B3CE0080D6F1 /* SwiftUIWebViewUITests */ = {
			isa = PBXNativeTarget;
			buildConfigurationList = 06011E132C21B3CE0080D6F1 /* Build configuration list for PBXNativeTarget "SwiftUIWebViewUITests" */;
			buildPhases = (
				06011DFF2C21B3CE0080D6F1 /* Sources */,
				06011E002C21B3CE0080D6F1 /* Frameworks */,
				06011E012C21B3CE0080D6F1 /* Resources */,
			);
			buildRules = (
			);
			dependencies = (
				06011E052C21B3CE0080D6F1 /* PBXTargetDependency */,
			);
			name = SwiftUIWebViewUITests;
			productName = SwiftUIWebViewUITests;
			productReference = 06011E032C21B3CE0080D6F1 /* SwiftUIWebViewUITests.xctest */;
			productType = "com.apple.product-type.bundle.ui-testing";
		};
/* End PBXNativeTarget section */

/* Begin PBXProject section */
		06011DE12C21B3CC0080D6F1 /* Project object */ = {
			isa = PBXProject;
			attributes = {
				BuildIndependentTargetsInParallel = 1;
				LastSwiftUpdateCheck = 1520;
				LastUpgradeCheck = 1520;
				TargetAttributes = {
					06011DE82C21B3CD0080D6F1 = {
						CreatedOnToolsVersion = 15.2;
					};
					06011DF82C21B3CE0080D6F1 = {
						CreatedOnToolsVersion = 15.2;
						TestTargetID = 06011DE82C21B3CD0080D6F1;
					};
					06011E022C21B3CE0080D6F1 = {
						CreatedOnToolsVersion = 15.2;
						TestTargetID = 06011DE82C21B3CD0080D6F1;
					};
				};
			};
			buildConfigurationList = 06011DE42C21B3CC0080D6F1 /* Build configuration list for PBXProject "SwiftUIWebView" */;
			compatibilityVersion = "Xcode 14.0";
			developmentRegion = en;
			hasScannedForEncodings = 0;
			knownRegions = (
				en,
				Base,
			);
			mainGroup = 06011DE02C21B3CC0080D6F1;
			productRefGroup = 06011DEA2C21B3CD0080D6F1 /* Products */;
			projectDirPath = "";
			projectRoot = "";
			targets = (
				06011DE82C21B3CD0080D6F1 /* SwiftUIWebView */,
				06011DF82C21B3CE0080D6F1 /* SwiftUIWebViewTests */,
				06011E022C21B3CE0080D6F1 /* SwiftUIWebViewUITests */,
			);
		};
/* End PBXProject section */

/* Begin PBXResourcesBuildPhase section */
		06011DE72C21B3CD0080D6F1 /* Resources */ = {
			isa = PBXResourcesBuildPhase;
			buildActionMask = 2147483647;
			files = (
				06011DF42C21B3CE0080D6F1 /* Preview Assets.xcassets in Resources */,
				06011DF12C21B3CE0080D6F1 /* Assets.xcassets in Resources */,
			);
			runOnlyForDeploymentPostprocessing = 0;
		};
		06011DF72C21B3CE0080D6F1 /* Resources */ = {
			isa = PBXResourcesBuildPhase;
			buildActionMask = 2147483647;
			files = (
			);
			runOnlyForDeploymentPostprocessing = 0;
		};
		06011E012C21B3CE0080D6F1 /* Resources */ = {
			isa = PBXResourcesBuildPhase;
			buildActionMask = 2147483647;
			files = (
			);
			runOnlyForDeploymentPostprocessing = 0;
		};
/* End PBXResourcesBuildPhase section */

/* Begin PBXSourcesBuildPhase section */
		06011DE52C21B3CD0080D6F1 /* Sources */ = {
			isa = PBXSourcesBuildPhase;
			buildActionMask = 2147483647;
			files = (
				06011DEF2C21B3CD0080D6F1 /* ContentView.swift in Sources */,
				06011DED2C21B3CD0080D6F1 /* SwiftUIWebViewApp.swift in Sources */,
			);
			runOnlyForDeploymentPostprocessing = 0;
		};
		06011DF52C21B3CE0080D6F1 /* Sources */ = {
			isa = PBXSourcesBuildPhase;
			buildActionMask = 2147483647;
			files = (
				06011DFE2C21B3CE0080D6F1 /* SwiftUIWebViewTests.swift in Sources */,
			);
			runOnlyForDeploymentPostprocessing = 0;
		};
		06011DFF2C21B3CE0080D6F1 /* Sources */ = {
			isa = PBXSourcesBuildPhase;
			buildActionMask = 2147483647;
			files = (
				06011E0A2C21B3CE0080D6F1 /* SwiftUIWebViewUITestsLaunchTests.swift in Sources */,
				06011E082C21B3CE0080D6F1 /* SwiftUIWebViewUITests.swift in Sources */,
			);
			runOnlyForDeploymentPostprocessing = 0;
		};
/* End PBXSourcesBuildPhase section */

/* Begin PBXTargetDependency section */
		06011DFB2C21B3CE0080D6F1 /* PBXTargetDependency */ = {
			isa = PBXTargetDependency;
			target = 06011DE82C21B3CD0080D6F1 /* SwiftUIWebView */;
			targetProxy = 06011DFA2C21B3CE0080D6F1 /* PBXContainerItemProxy */;
		};
		06011E052C21B3CE0080D6F1 /* PBXTargetDependency */ = {
			isa = PBXTargetDependency;
			target = 06011DE82C21B3CD0080D6F1 /* SwiftUIWebView */;
			targetProxy = 06011E042C21B3CE0080D6F1 /* PBXContainerItemProxy */;
		};
/* End PBXTargetDependency section */

/* Begin XCBuildConfiguration section */
		06011E0B2C21B3CE0080D6F1 /* Debug */ = {
			isa = XCBuildConfiguration;
			buildSettings = {
				ALWAYS_SEARCH_USER_PATHS = NO;
				ASSETCATALOG_COMPILER_GENERATE_SWIFT_ASSET_SYMBOL_EXTENSIONS = YES;
				CLANG_ANALYZER_NONNULL = YES;
				CLANG_ANALYZER_NUMBER_OBJECT_CONVERSION = YES_AGGRESSIVE;
				CLANG_CXX_LANGUAGE_STANDARD = "gnu++20";
				CLANG_ENABLE_MODULES = YES;
				CLANG_ENABLE_OBJC_ARC = YES;
				CLANG_ENABLE_OBJC_WEAK = YES;
				CLANG_WARN_BLOCK_CAPTURE_AUTORELEASING = YES;
				CLANG_WARN_BOOL_CONVERSION = YES;
				CLANG_WARN_COMMA = YES;
				CLANG_WARN_CONSTANT_CONVERSION = YES;
				CLANG_WARN_DEPRECATED_OBJC_IMPLEMENTATIONS = YES;
				CLANG_WARN_DIRECT_OBJC_ISA_USAGE = YES_ERROR;
				CLANG_WARN_DOCUMENTATION_COMMENTS = YES;
				CLANG_WARN_EMPTY_BODY = YES;
				CLANG_WARN_ENUM_CONVERSION = YES;
				CLANG_WARN_INFINITE_RECURSION = YES;
				CLANG_WARN_INT_CONVERSION = YES;
				CLANG_WARN_NON_LITERAL_NULL_CONVERSION = YES;
				CLANG_WARN_OBJC_IMPLICIT_RETAIN_SELF = YES;
				CLANG_WARN_OBJC_LITERAL_CONVERSION = YES;
				CLANG_WARN_OBJC_ROOT_CLASS = YES_ERROR;
				CLANG_WARN_QUOTED_INCLUDE_IN_FRAMEWORK_HEADER = YES;
				CLANG_WARN_RANGE_LOOP_ANALYSIS = YES;
				CLANG_WARN_STRICT_PROTOTYPES = YES;
				CLANG_WARN_SUSPICIOUS_MOVE = YES;
				CLANG_WARN_UNGUARDED_AVAILABILITY = YES_AGGRESSIVE;
				CLANG_WARN_UNREACHABLE_CODE = YES;
				CLANG_WARN__DUPLICATE_METHOD_MATCH = YES;
				COPY_PHASE_STRIP = NO;
				DEBUG_INFORMATION_FORMAT = dwarf;
				ENABLE_STRICT_OBJC_MSGSEND = YES;
				ENABLE_TESTABILITY = YES;
				ENABLE_USER_SCRIPT_SANDBOXING = YES;
				GCC_C_LANGUAGE_STANDARD = gnu17;
				GCC_DYNAMIC_NO_PIC = NO;
				GCC_NO_COMMON_BLOCKS = YES;
				GCC_OPTIMIZATION_LEVEL = 0;
				GCC_PREPROCESSOR_DEFINITIONS = (
					"DEBUG=1",
					"$(inherited)",
				);
				GCC_WARN_64_TO_32_BIT_CONVERSION = YES;
				GCC_WARN_ABOUT_RETURN_TYPE = YES_ERROR;
				GCC_WARN_UNDECLARED_SELECTOR = YES;
				GCC_WARN_UNINITIALIZED_AUTOS = YES_AGGRESSIVE;
				GCC_WARN_UNUSED_FUNCTION = YES;
				GCC_WARN_UNUSED_VARIABLE = YES;
				IPHONEOS_DEPLOYMENT_TARGET = 17.2;
				LOCALIZATION_PREFERS_STRING_CATALOGS = YES;
				MTL_ENABLE_DEBUG_INFO = INCLUDE_SOURCE;
				MTL_FAST_MATH = YES;
				ONLY_ACTIVE_ARCH = YES;
				SDKROOT = iphoneos;
				SWIFT_ACTIVE_COMPILATION_CONDITIONS = "DEBUG $(inherited)";
				SWIFT_OPTIMIZATION_LEVEL = "-Onone";
			};
			name = Debug;
		};
		06011E0C2C21B3CE0080D6F1 /* Release */ = {
			isa = XCBuildConfiguration;
			buildSettings = {
				ALWAYS_SEARCH_USER_PATHS = NO;
				ASSETCATALOG_COMPILER_GENERATE_SWIFT_ASSET_SYMBOL_EXTENSIONS = YES;
				CLANG_ANALYZER_NONNULL = YES;
				CLANG_ANALYZER_NUMBER_OBJECT_CONVERSION = YES_AGGRESSIVE;
				CLANG_CXX_LANGUAGE_STANDARD = "gnu++20";
				CLANG_ENABLE_MODULES = YES;
				CLANG_ENABLE_OBJC_ARC = YES;
				CLANG_ENABLE_OBJC_WEAK = YES;
				CLANG_WARN_BLOCK_CAPTURE_AUTORELEASING = YES;
				CLANG_WARN_BOOL_CONVERSION = YES;
				CLANG_WARN_COMMA = YES;
				CLANG_WARN_CONSTANT_CONVERSION = YES;
				CLANG_WARN_DEPRECATED_OBJC_IMPLEMENTATIONS = YES;
				CLANG_WARN_DIRECT_OBJC_ISA_USAGE = YES_ERROR;
				CLANG_WARN_DOCUMENTATION_COMMENTS = YES;
				CLANG_WARN_EMPTY_BODY = YES;
				CLANG_WARN_ENUM_CONVERSION = YES;
				CLANG_WARN_INFINITE_RECURSION = YES;
				CLANG_WARN_INT_CONVERSION = YES;
				CLANG_WARN_NON_LITERAL_NULL_CONVERSION = YES;
				CLANG_WARN_OBJC_IMPLICIT_RETAIN_SELF = YES;
				CLANG_WARN_OBJC_LITERAL_CONVERSION = YES;
				CLANG_WARN_OBJC_ROOT_CLASS = YES_ERROR;
				CLANG_WARN_QUOTED_INCLUDE_IN_FRAMEWORK_HEADER = YES;
				CLANG_WARN_RANGE_LOOP_ANALYSIS = YES;
				CLANG_WARN_STRICT_PROTOTYPES = YES;
				CLANG_WARN_SUSPICIOUS_MOVE = YES;
				CLANG_WARN_UNGUARDED_AVAILABILITY = YES_AGGRESSIVE;
				CLANG_WARN_UNREACHABLE_CODE = YES;
				CLANG_WARN__DUPLICATE_METHOD_MATCH = YES;
				COPY_PHASE_STRIP = NO;
				DEBUG_INFORMATION_FORMAT = "dwarf-with-dsym";
				ENABLE_NS_ASSERTIONS = NO;
				ENABLE_STRICT_OBJC_MSGSEND = YES;
				ENABLE_USER_SCRIPT_SANDBOXING = YES;
				GCC_C_LANGUAGE_STANDARD = gnu17;
				GCC_NO_COMMON_BLOCKS = YES;
				GCC_WARN_64_TO_32_BIT_CONVERSION = YES;
				GCC_WARN_ABOUT_RETURN_TYPE = YES_ERROR;
				GCC_WARN_UNDECLARED_SELECTOR = YES;
				GCC_WARN_UNINITIALIZED_AUTOS = YES_AGGRESSIVE;
				GCC_WARN_UNUSED_FUNCTION = YES;
				GCC_WARN_UNUSED_VARIABLE = YES;
				IPHONEOS_DEPLOYMENT_TARGET = 17.2;
				LOCALIZATION_PREFERS_STRING_CATALOGS = YES;
				MTL_ENABLE_DEBUG_INFO = NO;
				MTL_FAST_MATH = YES;
				SDKROOT = iphoneos;
				SWIFT_COMPILATION_MODE = wholemodule;
				VALIDATE_PRODUCT = YES;
			};
			name = Release;
		};
		06011E0E2C21B3CE0080D6F1 /* Debug */ = {
			isa = XCBuildConfiguration;
			buildSettings = {
				ASSETCATALOG_COMPILER_APPICON_NAME = AppIcon;
				ASSETCATALOG_COMPILER_GLOBAL_ACCENT_COLOR_NAME = AccentColor;
				CODE_SIGN_STYLE = Automatic;
				CURRENT_PROJECT_VERSION = 1;
				DEVELOPMENT_ASSET_PATHS = "\"SwiftUIWebView/Preview Content\"";
				DEVELOPMENT_TEAM = GZFLA6HU23;
				ENABLE_PREVIEWS = YES;
				GENERATE_INFOPLIST_FILE = YES;
				INFOPLIST_KEY_UIApplicationSceneManifest_Generation = YES;
				INFOPLIST_KEY_UIApplicationSupportsIndirectInputEvents = YES;
				INFOPLIST_KEY_UILaunchScreen_Generation = YES;
				INFOPLIST_KEY_UISupportedInterfaceOrientations_iPad = "UIInterfaceOrientationPortrait UIInterfaceOrientationPortraitUpsideDown UIInterfaceOrientationLandscapeLeft UIInterfaceOrientationLandscapeRight";
				INFOPLIST_KEY_UISupportedInterfaceOrientations_iPhone = "UIInterfaceOrientationPortrait UIInterfaceOrientationLandscapeLeft UIInterfaceOrientationLandscapeRight";
				LD_RUNPATH_SEARCH_PATHS = (
					"$(inherited)",
					"@executable_path/Frameworks",
				);
				MARKETING_VERSION = 1.0;
				PRODUCT_BUNDLE_IDENTIFIER = MAS.SwiftUIWebView;
				PRODUCT_NAME = "$(TARGET_NAME)";
				SWIFT_EMIT_LOC_STRINGS = YES;
				SWIFT_VERSION = 5.0;
				TARGETED_DEVICE_FAMILY = "1,2";
			};
			name = Debug;
		};
		06011E0F2C21B3CE0080D6F1 /* Release */ = {
			isa = XCBuildConfiguration;
			buildSettings = {
				ASSETCATALOG_COMPILER_APPICON_NAME = AppIcon;
				ASSETCATALOG_COMPILER_GLOBAL_ACCENT_COLOR_NAME = AccentColor;
				CODE_SIGN_STYLE = Automatic;
				CURRENT_PROJECT_VERSION = 1;
				DEVELOPMENT_ASSET_PATHS = "\"SwiftUIWebView/Preview Content\"";
				DEVELOPMENT_TEAM = GZFLA6HU23;
				ENABLE_PREVIEWS = YES;
				GENERATE_INFOPLIST_FILE = YES;
				INFOPLIST_KEY_UIApplicationSceneManifest_Generation = YES;
				INFOPLIST_KEY_UIApplicationSupportsIndirectInputEvents = YES;
				INFOPLIST_KEY_UILaunchScreen_Generation = YES;
				INFOPLIST_KEY_UISupportedInterfaceOrientations_iPad = "UIInterfaceOrientationPortrait UIInterfaceOrientationPortraitUpsideDown UIInterfaceOrientationLandscapeLeft UIInterfaceOrientationLandscapeRight";
				INFOPLIST_KEY_UISupportedInterfaceOrientations_iPhone = "UIInterfaceOrientationPortrait UIInterfaceOrientationLandscapeLeft UIInterfaceOrientationLandscapeRight";
				LD_RUNPATH_SEARCH_PATHS = (
					"$(inherited)",
					"@executable_path/Frameworks",
				);
				MARKETING_VERSION = 1.0;
				PRODUCT_BUNDLE_IDENTIFIER = MAS.SwiftUIWebView;
				PRODUCT_NAME = "$(TARGET_NAME)";
				SWIFT_EMIT_LOC_STRINGS = YES;
				SWIFT_VERSION = 5.0;
				TARGETED_DEVICE_FAMILY = "1,2";
			};
			name = Release;
		};
		06011E112C21B3CE0080D6F1 /* Debug */ = {
			isa = XCBuildConfiguration;
			buildSettings = {
				ALWAYS_EMBED_SWIFT_STANDARD_LIBRARIES = YES;
				BUNDLE_LOADER = "$(TEST_HOST)";
				CODE_SIGN_STYLE = Automatic;
				CURRENT_PROJECT_VERSION = 1;
				DEVELOPMENT_TEAM = GZFLA6HU23;
				GENERATE_INFOPLIST_FILE = YES;
				IPHONEOS_DEPLOYMENT_TARGET = 17.2;
				MARKETING_VERSION = 1.0;
				PRODUCT_BUNDLE_IDENTIFIER = MAS.SwiftUIWebViewTests;
				PRODUCT_NAME = "$(TARGET_NAME)";
				SWIFT_EMIT_LOC_STRINGS = NO;
				SWIFT_VERSION = 5.0;
				TARGETED_DEVICE_FAMILY = "1,2";
				TEST_HOST = "$(BUILT_PRODUCTS_DIR)/SwiftUIWebView.app/$(BUNDLE_EXECUTABLE_FOLDER_PATH)/SwiftUIWebView";
			};
			name = Debug;
		};
		06011E122C21B3CE0080D6F1 /* Release */ = {
			isa = XCBuildConfiguration;
			buildSettings = {
				ALWAYS_EMBED_SWIFT_STANDARD_LIBRARIES = YES;
				BUNDLE_LOADER = "$(TEST_HOST)";
				CODE_SIGN_STYLE = Automatic;
				CURRENT_PROJECT_VERSION = 1;
				DEVELOPMENT_TEAM = GZFLA6HU23;
				GENERATE_INFOPLIST_FILE = YES;
				IPHONEOS_DEPLOYMENT_TARGET = 17.2;
				MARKETING_VERSION = 1.0;
				PRODUCT_BUNDLE_IDENTIFIER = MAS.SwiftUIWebViewTests;
				PRODUCT_NAME = "$(TARGET_NAME)";
				SWIFT_EMIT_LOC_STRINGS = NO;
				SWIFT_VERSION = 5.0;
				TARGETED_DEVICE_FAMILY = "1,2";
				TEST_HOST = "$(BUILT_PRODUCTS_DIR)/SwiftUIWebView.app/$(BUNDLE_EXECUTABLE_FOLDER_PATH)/SwiftUIWebView";
			};
			name = Release;
		};
		06011E142C21B3CE0080D6F1 /* Debug */ = {
			isa = XCBuildConfiguration;
			buildSettings = {
				ALWAYS_EMBED_SWIFT_STANDARD_LIBRARIES = YES;
				CODE_SIGN_STYLE = Automatic;
				CURRENT_PROJECT_VERSION = 1;
				DEVELOPMENT_TEAM = GZFLA6HU23;
				GENERATE_INFOPLIST_FILE = YES;
				MARKETING_VERSION = 1.0;
				PRODUCT_BUNDLE_IDENTIFIER = MAS.SwiftUIWebViewUITests;
				PRODUCT_NAME = "$(TARGET_NAME)";
				SWIFT_EMIT_LOC_STRINGS = NO;
				SWIFT_VERSION = 5.0;
				TARGETED_DEVICE_FAMILY = "1,2";
				TEST_TARGET_NAME = SwiftUIWebView;
			};
			name = Debug;
		};
		06011E152C21B3CE0080D6F1 /* Release */ = {
			isa = XCBuildConfiguration;
			buildSettings = {
				ALWAYS_EMBED_SWIFT_STANDARD_LIBRARIES = YES;
				CODE_SIGN_STYLE = Automatic;
				CURRENT_PROJECT_VERSION = 1;
				DEVELOPMENT_TEAM = GZFLA6HU23;
				GENERATE_INFOPLIST_FILE = YES;
				MARKETING_VERSION = 1.0;
				PRODUCT_BUNDLE_IDENTIFIER = MAS.SwiftUIWebViewUITests;
				PRODUCT_NAME = "$(TARGET_NAME)";
				SWIFT_EMIT_LOC_STRINGS = NO;
				SWIFT_VERSION = 5.0;
				TARGETED_DEVICE_FAMILY = "1,2";
				TEST_TARGET_NAME = SwiftUIWebView;
			};
			name = Release;
		};
/* End XCBuildConfiguration section */

/* Begin XCConfigurationList section */
		06011DE42C21B3CC0080D6F1 /* Build configuration list for PBXProject "SwiftUIWebView" */ = {
			isa = XCConfigurationList;
			buildConfigurations = (
				06011E0B2C21B3CE0080D6F1 /* Debug */,
				06011E0C2C21B3CE0080D6F1 /* Release */,
			);
			defaultConfigurationIsVisible = 0;
			defaultConfigurationName = Release;
		};
		06011E0D2C21B3CE0080D6F1 /* Build configuration list for PBXNativeTarget "SwiftUIWebView" */ = {
			isa = XCConfigurationList;
			buildConfigurations = (
				06011E0E2C21B3CE0080D6F1 /* Debug */,
				06011E0F2C21B3CE0080D6F1 /* Release */,
			);
			defaultConfigurationIsVisible = 0;
			defaultConfigurationName = Release;
		};
		06011E102C21B3CE0080D6F1 /* Build configuration list for PBXNativeTarget "SwiftUIWebViewTests" */ = {
			isa = XCConfigurationList;
			buildConfigurations = (
				06011E112C21B3CE0080D6F1 /* Debug */,
				06011E122C21B3CE0080D6F1 /* Release */,
			);
			defaultConfigurationIsVisible = 0;
			defaultConfigurationName = Release;
		};
		06011E132C21B3CE0080D6F1 /* Build configuration list for PBXNativeTarget "SwiftUIWebViewUITests" */ = {
			isa = XCConfigurationList;
			buildConfigurations = (
				06011E142C21B3CE0080D6F1 /* Debug */,
				06011E152C21B3CE0080D6F1 /* Release */,
			);
			defaultConfigurationIsVisible = 0;
			defaultConfigurationName = Release;
		};
/* End XCConfigurationList section */
	};
	rootObject = 06011DE12C21B3CC0080D6F1 /* Project object */;
}
